// !$*UTF8*$!
{
	archiveVersion = 1;
	classes = {
	};
	objectVersion = 77;
	objects = {

/* Begin PBXBuildFile section */
		16AACEED2F82D1B4004C3733 /* GRDB in Frameworks */ = {isa = PBXBuildFile; productRef = 16AACED32F82CD39004C3733 /* GRDB */; };
/* End PBXBuildFile section */

/* Begin PBXContainerItemProxy section */
		16AACEB62F82CA45004C3733 /* PBXContainerItemProxy */ = {
			isa = PBXContainerItemProxy;
			containerPortal = 16AACE9E2F82CA43004C3733 /* Project object */;
			proxyType = 1;
			remoteGlobalIDString = 16AACEA52F82CA43004C3733;
			remoteInfo = GameBacklog;
		};
		16AACEC02F82CA45004C3733 /* PBXContainerItemProxy */ = {
			isa = PBXContainerItemProxy;
			containerPortal = 16AACE9E2F82CA43004C3733 /* Project object */;
			proxyType = 1;
			remoteGlobalIDString = 16AACEA52F82CA43004C3733;
			remoteInfo = GameBacklog;
		};
/* End PBXContainerItemProxy section */

/* Begin PBXFileReference section */
		16AACEA62F82CA43004C3733 /* GameBacklog.app */ = {isa = PBXFileReference; explicitFileType = wrapper.application; includeInIndex = 0; path = GameBacklog.app; sourceTree = BUILT_PRODUCTS_DIR; };
		16AACEB52F82CA45004C3733 /* GameBacklogTests.xctest */ = {isa = PBXFileReference; explicitFileType = wrapper.cfbundle; includeInIndex = 0; path = GameBacklogTests.xctest; sourceTree = BUILT_PRODUCTS_DIR; };
		16AACEBF2F82CA45004C3733 /* GameBacklogUITests.xctest */ = {isa = PBXFileReference; explicitFileType = wrapper.cfbundle; includeInIndex = 0; path = GameBacklogUITests.xctest; sourceTree = BUILT_PRODUCTS_DIR; };
/* End PBXFileReference section */

/* Begin PBXFileSystemSynchronizedRootGroup section */
		16AACEA82F82CA43004C3733 /* GameBacklog */ = {
			isa = PBXFileSystemSynchronizedRootGroup;
			path = GameBacklog;
			sourceTree = "<group>";
		};
		16AACEB82F82CA45004C3733 /* GameBacklogTests */ = {
			isa = PBXFileSystemSynchronizedRootGroup;
			path = GameBacklogTests;
			sourceTree = "<group>";
		};
		16AACEC22F82CA45004C3733 /* GameBacklogUITests */ = {
			isa = PBXFileSystemSynchronizedRootGroup;
			path = GameBacklogUITests;
			sourceTree = "<group>";
		};
/* End PBXFileSystemSynchronizedRootGroup section */

/* Begin PBXFrameworksBuildPhase section */
		16AACEA32F82CA43004C3733 /* Frameworks */ = {
			isa = PBXFrameworksBuildPhase;
			buildActionMask = 2147483647;
			files = (
				16AACEED2F82D1B4004C3733 /* GRDB in Frameworks */,
			);
			runOnlyForDeploymentPostprocessing = 0;
		};
		16AACEB22F82CA45004C3733 /* Frameworks */ = {
			isa = PBXFrameworksBuildPhase;
			buildActionMask = 2147483647;
			files = (
			);
			runOnlyForDeploymentPostprocessing = 0;
		};
		16AACEBC2F82CA45004C3733 /* Frameworks */ = {
			isa = PBXFrameworksBuildPhase;
			buildActionMask = 2147483647;
			files = (
			);
			runOnlyForDeploymentPostprocessing = 0;
		};
/* End PBXFrameworksBuildPhase section */

/* Begin PBXGroup section */
		16AACE9D2F82CA42004C3733 = {
			isa = PBXGroup;
			children = (
				16AACEA82F82CA43004C3733 /* GameBacklog */,
				16AACEB82F82CA45004C3733 /* GameBacklogTests */,
				16AACEC22F82CA45004C3733 /* GameBacklogUITests */,
				16AACEA72F82CA43004C3733 /* Products */,
			);
			sourceTree = "<group>";
		};
		16AACEA72F82CA43004C3733 /* Products */ = {
			isa = PBXGroup;
			children = (
				16AACEA62F82CA43004C3733 /* GameBacklog.app */,
				16AACEB52F82CA45004C3733 /* GameBacklogTests.xctest */,
				16AACEBF2F82CA45004C3733 /* GameBacklogUITests.xctest */,
			);
			name = Products;
			sourceTree = "<group>";
		};
/* End PBXGroup section */

/* Begin PBXNativeTarget section */
		16AACEA52F82CA43004C3733 /* GameBacklog */ = {
			isa = PBXNativeTarget;
			buildConfigurationList = 16AACEC92F82CA45004C3733 /* Build configuration list for PBXNativeTarget "GameBacklog" */;
			buildPhases = (
				16AACEA22F82CA43004C3733 /* Sources */,
				16AACEA32F82CA43004C3733 /* Frameworks */,
				16AACEA42F82CA43004C3733 /* Resources */,
			);
			buildRules = (
			);
			dependencies = (
			);
			fileSystemSynchronizedGroups = (
				16AACEA82F82CA43004C3733 /* GameBacklog */,
			);
			name = GameBacklog;
			packageProductDependencies = (
				16AACED32F82CD39004C3733 /* GRDB */,
			);
			productName = GameBacklog;
			productReference = 16AACEA62F82CA43004C3733 /* GameBacklog.app */;
			productType = "com.apple.product-type.application";
		};
		16AACEB42F82CA45004C3733 /* GameBacklogTests */ = {
			isa = PBXNativeTarget;
			buildConfigurationList = 16AACECC2F82CA45004C3733 /* Build configuration list for PBXNativeTarget "GameBacklogTests" */;
			buildPhases = (
				16AACEB12F82CA45004C3733 /* Sources */,
				16AACEB22F82CA45004C3733 /* Frameworks */,
				16AACEB32F82CA45004C3733 /* Resources */,
			);
			buildRules = (
			);
			dependencies = (
				16AACEB72F82CA45004C3733 /* PBXTargetDependency */,
			);
			fileSystemSynchronizedGroups = (
				16AACEB82F82CA45004C3733 /* GameBacklogTests */,
			);
			name = GameBacklogTests;
			packageProductDependencies = (
			);
			productName = GameBacklogTests;
			productReference = 16AACEB52F82CA45004C3733 /* GameBacklogTests.xctest */;
			productType = "com.apple.product-type.bundle.unit-test";
		};
		16AACEBE2F82CA45004C3733 /* GameBacklogUITests */ = {
			isa = PBXNativeTarget;
			buildConfigurationList = 16AACECF2F82CA45004C3733 /* Build configuration list for PBXNativeTarget "GameBacklogUITests" */;
			buildPhases = (
				16AACEBB2F82CA45004C3733 /* Sources */,
				16AACEBC2F82CA45004C3733 /* Frameworks */,
				16AACEBD2F82CA45004C3733 /* Resources */,
			);
			buildRules = (
			);
			dependencies = (
				16AACEC12F82CA45004C3733 /* PBXTargetDependency */,
			);
			fileSystemSynchronizedGroups = (
				16AACEC22F82CA45004C3733 /* GameBacklogUITests */,
			);
			name = GameBacklogUITests;
			packageProductDependencies = (
			);
			productName = GameBacklogUITests;
			productReference = 16AACEBF2F82CA45004C3733 /* GameBacklogUITests.xctest */;
			productType = "com.apple.product-type.bundle.ui-testing";
		};
/* End PBXNativeTarget section */

/* Begin PBXProject section */
		16AACE9E2F82CA43004C3733 /* Project object */ = {
			isa = PBXProject;
			attributes = {
				BuildIndependentTargetsInParallel = 1;
				LastSwiftUpdateCheck = 2640;
				LastUpgradeCheck = 2640;
				TargetAttributes = {
					16AACEA52F82CA43004C3733 = {
						CreatedOnToolsVersion = 26.4;
					};
					16AACEB42F82CA45004C3733 = {
						CreatedOnToolsVersion = 26.4;
						TestTargetID = 16AACEA52F82CA43004C3733;
					};
					16AACEBE2F82CA45004C3733 = {
						CreatedOnToolsVersion = 26.4;
						TestTargetID = 16AACEA52F82CA43004C3733;
					};
				};
			};
			buildConfigurationList = 16AACEA12F82CA43004C3733 /* Build configuration list for PBXProject "GameBacklog" */;
			developmentRegion = en;
			hasScannedForEncodings = 0;
			knownRegions = (
				en,
				Base,
			);
			mainGroup = 16AACE9D2F82CA42004C3733;
			minimizedProjectReferenceProxies = 1;
			packageReferences = (
				16AACED22F82CD39004C3733 /* XCRemoteSwiftPackageReference "GRDB" */,
			);
			preferredProjectObjectVersion = 77;
			productRefGroup = 16AACEA72F82CA43004C3733 /* Products */;
			projectDirPath = "";
			projectRoot = "";
			targets = (
				16AACEA52F82CA43004C3733 /* GameBacklog */,
				16AACEB42F82CA45004C3733 /* GameBacklogTests */,
				16AACEBE2F82CA45004C3733 /* GameBacklogUITests */,
			);
		};
/* End PBXProject section */

/* Begin PBXResourcesBuildPhase section */
		16AACEA42F82CA43004C3733 /* Resources */ = {
			isa = PBXResourcesBuildPhase;
			buildActionMask = 2147483647;
			files = (
			);
			runOnlyForDeploymentPostprocessing = 0;
		};
		16AACEB32F82CA45004C3733 /* Resources */ = {
			isa = PBXResourcesBuildPhase;
			buildActionMask = 2147483647;
			files = (
			);
			runOnlyForDeploymentPostprocessing = 0;
		};
		16AACEBD2F82CA45004C3733 /* Resources */ = {
			isa = PBXResourcesBuildPhase;
			buildActionMask = 2147483647;
			files = (
			);
			runOnlyForDeploymentPostprocessing = 0;
		};
/* End PBXResourcesBuildPhase section */

/* Begin PBXSourcesBuildPhase section */
		16AACEA22F82CA43004C3733 /* Sources */ = {
			isa = PBXSourcesBuildPhase;
			buildActionMask = 2147483647;
			files = (
			);
			runOnlyForDeploymentPostprocessing = 0;
		};
		16AACEB12F82CA45004C3733 /* Sources */ = {
			isa = PBXSourcesBuildPhase;
			buildActionMask = 2147483647;
			files = (
			);
			runOnlyForDeploymentPostprocessing = 0;
		};
		16AACEBB2F82CA45004C3733 /* Sources */ = {
			isa = PBXSourcesBuildPhase;
			buildActionMask = 2147483647;
			files = (
			);
			runOnlyForDeploymentPostprocessing = 0;
		};
/* End PBXSourcesBuildPhase section */

/* Begin PBXTargetDependency section */
		16AACEB72F82CA45004C3733 /* PBXTargetDependency */ = {
			isa = PBXTargetDependency;
			target = 16AACEA52F82CA43004C3733 /* GameBacklog */;
			targetProxy = 16AACEB62F82CA45004C3733 /* PBXContainerItemProxy */;
		};
		16AACEC12F82CA45004C3733 /* PBXTargetDependency */ = {
			isa = PBXTargetDependency;
			target = 16AACEA52F82CA43004C3733 /* GameBacklog */;
			targetProxy = 16AACEC02F82CA45004C3733 /* PBXContainerItemProxy */;
		};
/* End PBXTargetDependency section */

/* Begin XCBuildConfiguration section */
		16AACEC72F82CA45004C3733 /* Debug */ = {
			isa = XCBuildConfiguration;
			buildSettings = {
				ALWAYS_SEARCH_USER_PATHS = NO;
				ASSETCATALOG_COMPILER_GENERATE_SWIFT_ASSET_SYMBOL_EXTENSIONS = YES;
				CLANG_ANALYZER_NONNULL = YES;
				CLANG_ANALYZER_NUMBER_OBJECT_CONVERSION = YES_AGGRESSIVE;
				CLANG_CXX_LANGUAGE_STANDARD = "gnu++20";
				CLANG_ENABLE_MODULES = YES;
				CLANG_ENABLE_OBJC_ARC = YES;
				CLANG_ENABLE_OBJC_WEAK = YES;
				CLANG_WARN_BLOCK_CAPTURE_AUTORELEASING = YES;
				CLANG_WARN_BOOL_CONVERSION = YES;
				CLANG_WARN_COMMA = YES;
				CLANG_WARN_CONSTANT_CONVERSION = YES;
				CLANG_WARN_DEPRECATED_OBJC_IMPLEMENTATIONS = YES;
				CLANG_WARN_DIRECT_OBJC_ISA_USAGE = YES_ERROR;
				CLANG_WARN_DOCUMENTATION_COMMENTS = YES;
				CLANG_WARN_EMPTY_BODY = YES;
				CLANG_WARN_ENUM_CONVERSION = YES;
				CLANG_WARN_INFINITE_RECURSION = YES;
				CLANG_WARN_INT_CONVERSION = YES;
				CLANG_WARN_NON_LITERAL_NULL_CONVERSION = YES;
				CLANG_WARN_OBJC_IMPLICIT_RETAIN_SELF = YES;
				CLANG_WARN_OBJC_LITERAL_CONVERSION = YES;
				CLANG_WARN_OBJC_ROOT_CLASS = YES_ERROR;
				CLANG_WARN_QUOTED_INCLUDE_IN_FRAMEWORK_HEADER = YES;
				CLANG_WARN_RANGE_LOOP_ANALYSIS = YES;
				CLANG_WARN_STRICT_PROTOTYPES = YES;
				CLANG_WARN_SUSPICIOUS_MOVE = YES;
				CLANG_WARN_UNGUARDED_AVAILABILITY = YES_AGGRESSIVE;
				CLANG_WARN_UNREACHABLE_CODE = YES;
				CLANG_WARN__DUPLICATE_METHOD_MATCH = YES;
				COPY_PHASE_STRIP = NO;
				DEBUG_INFORMATION_FORMAT = dwarf;
				DEVELOPMENT_TEAM = LHW99B6268;
				ENABLE_STRICT_OBJC_MSGSEND = YES;
				ENABLE_TESTABILITY = YES;
				ENABLE_USER_SCRIPT_SANDBOXING = YES;
				GCC_C_LANGUAGE_STANDARD = gnu17;
				GCC_DYNAMIC_NO_PIC = NO;
				GCC_NO_COMMON_BLOCKS = YES;
				GCC_OPTIMIZATION_LEVEL = 0;
				GCC_PREPROCESSOR_DEFINITIONS = (
					"DEBUG=1",
					"$(inherited)",
				);
				GCC_WARN_64_TO_32_BIT_CONVERSION = YES;
				GCC_WARN_ABOUT_RETURN_TYPE = YES_ERROR;
				GCC_WARN_UNDECLARED_SELECTOR = YES;
				GCC_WARN_UNINITIALIZED_AUTOS = YES_AGGRESSIVE;
				GCC_WARN_UNUSED_FUNCTION = YES;
				GCC_WARN_UNUSED_VARIABLE = YES;
				LOCALIZATION_PREFERS_STRING_CATALOGS = YES;
				MACOSX_DEPLOYMENT_TARGET = 26.3;
				MTL_ENABLE_DEBUG_INFO = INCLUDE_SOURCE;
				MTL_FAST_MATH = YES;
				ONLY_ACTIVE_ARCH = YES;
				SDKROOT = macosx;
				SWIFT_ACTIVE_COMPILATION_CONDITIONS = "DEBUG $(inherited)";
				SWIFT_OPTIMIZATION_LEVEL = "-Onone";
			};
			name = Debug;
		};
		16AACEC82F82CA45004C3733 /* Release */ = {
			isa = XCBuildConfiguration;
			buildSettings = {
				ALWAYS_SEARCH_USER_PATHS = NO;
				ASSETCATALOG_COMPILER_GENERATE_SWIFT_ASSET_SYMBOL_EXTENSIONS = YES;
				CLANG_ANALYZER_NONNULL = YES;
				CLANG_ANALYZER_NUMBER_OBJECT_CONVERSION = YES_AGGRESSIVE;
				CLANG_CXX_LANGUAGE_STANDARD = "gnu++20";
				CLANG_ENABLE_MODULES = YES;
				CLANG_ENABLE_OBJC_ARC = YES;
				CLANG_ENABLE_OBJC_WEAK = YES;
				CLANG_WARN_BLOCK_CAPTURE_AUTORELEASING = YES;
				CLANG_WARN_BOOL_CONVERSION = YES;
				CLANG_WARN_COMMA = YES;
				CLANG_WARN_CONSTANT_CONVERSION = YES;
				CLANG_WARN_DEPRECATED_OBJC_IMPLEMENTATIONS = YES;
				CLANG_WARN_DIRECT_OBJC_ISA_USAGE = YES_ERROR;
				CLANG_WARN_DOCUMENTATION_COMMENTS = YES;
				CLANG_WARN_EMPTY_BODY = YES;
				CLANG_WARN_ENUM_CONVERSION = YES;
				CLANG_WARN_INFINITE_RECURSION = YES;
				CLANG_WARN_INT_CONVERSION = YES;
				CLANG_WARN_NON_LITERAL_NULL_CONVERSION = YES;
				CLANG_WARN_OBJC_IMPLICIT_RETAIN_SELF = YES;
				CLANG_WARN_OBJC_LITERAL_CONVERSION = YES;
				CLANG_WARN_OBJC_ROOT_CLASS = YES_ERROR;
				CLANG_WARN_QUOTED_INCLUDE_IN_FRAMEWORK_HEADER = YES;
				CLANG_WARN_RANGE_LOOP_ANALYSIS = YES;
				CLANG_WARN_STRICT_PROTOTYPES = YES;
				CLANG_WARN_SUSPICIOUS_MOVE = YES;
				CLANG_WARN_UNGUARDED_AVAILABILITY = YES_AGGRESSIVE;
				CLANG_WARN_UNREACHABLE_CODE = YES;
				CLANG_WARN__DUPLICATE_METHOD_MATCH = YES;
				COPY_PHASE_STRIP = NO;
				DEBUG_INFORMATION_FORMAT = "dwarf-with-dsym";
				DEVELOPMENT_TEAM = LHW99B6268;
				ENABLE_NS_ASSERTIONS = NO;
				ENABLE_STRICT_OBJC_MSGSEND = YES;
				ENABLE_USER_SCRIPT_SANDBOXING = YES;
				GCC_C_LANGUAGE_STANDARD = gnu17;
				GCC_NO_COMMON_BLOCKS = YES;
				GCC_WARN_64_TO_32_BIT_CONVERSION = YES;
				GCC_WARN_ABOUT_RETURN_TYPE = YES_ERROR;
				GCC_WARN_UNDECLARED_SELECTOR = YES;
				GCC_WARN_UNINITIALIZED_AUTOS = YES_AGGRESSIVE;
				GCC_WARN_UNUSED_FUNCTION = YES;
				GCC_WARN_UNUSED_VARIABLE = YES;
				LOCALIZATION_PREFERS_STRING_CATALOGS = YES;
				MACOSX_DEPLOYMENT_TARGET = 26.3;
				MTL_ENABLE_DEBUG_INFO = NO;
				MTL_FAST_MATH = YES;
				SDKROOT = macosx;
				SWIFT_COMPILATION_MODE = wholemodule;
			};
			name = Release;
		};
		16AACECA2F82CA45004C3733 /* Debug */ = {
			isa = XCBuildConfiguration;
			buildSettings = {
				ASSETCATALOG_COMPILER_APPICON_NAME = AppIcon;
				ASSETCATALOG_COMPILER_GLOBAL_ACCENT_COLOR_NAME = AccentColor;
				CODE_SIGN_STYLE = Automatic;
				COMBINE_HIDPI_IMAGES = YES;
				CURRENT_PROJECT_VERSION = 1;
				DEVELOPMENT_TEAM = LHW99B6268;
				ENABLE_APP_SANDBOX = YES;
				ENABLE_HARDENED_RUNTIME = YES;
				ENABLE_PREVIEWS = YES;
				ENABLE_USER_SELECTED_FILES = readonly;
				GENERATE_INFOPLIST_FILE = YES;
				INFOPLIST_KEY_NSHumanReadableCopyright = "";
				LD_RUNPATH_SEARCH_PATHS = (
					"$(inherited)",
					"@executable_path/../Frameworks",
				);
				MARKETING_VERSION = 1.0;
				PRODUCT_BUNDLE_IDENTIFIER = GameBacklog.GameBacklog;
				PRODUCT_NAME = "$(TARGET_NAME)";
				REGISTER_APP_GROUPS = YES;
				STRING_CATALOG_GENERATE_SYMBOLS = YES;
				SWIFT_APPROACHABLE_CONCURRENCY = YES;
				SWIFT_DEFAULT_ACTOR_ISOLATION = MainActor;
				SWIFT_EMIT_LOC_STRINGS = YES;
				SWIFT_UPCOMING_FEATURE_MEMBER_IMPORT_VISIBILITY = YES;
				SWIFT_VERSION = 5.0;
			};
			name = Debug;
		};
		16AACECB2F82CA45004C3733 /* Release */ = {
			isa = XCBuildConfiguration;
			buildSettings = {
				ASSETCATALOG_COMPILER_APPICON_NAME = AppIcon;
				ASSETCATALOG_COMPILER_GLOBAL_ACCENT_COLOR_NAME = AccentColor;
				CODE_SIGN_STYLE = Automatic;
				COMBINE_HIDPI_IMAGES = YES;
				CURRENT_PROJECT_VERSION = 1;
				DEVELOPMENT_TEAM = LHW99B6268;
				ENABLE_APP_SANDBOX = YES;
				ENABLE_HARDENED_RUNTIME = YES;
				ENABLE_PREVIEWS = YES;
				ENABLE_USER_SELECTED_FILES = readonly;
				GENERATE_INFOPLIST_FILE = YES;
				INFOPLIST_KEY_NSHumanReadableCopyright = "";
				LD_RUNPATH_SEARCH_PATHS = (
					"$(inherited)",
					"@executable_path/../Frameworks",
				);
				MARKETING_VERSION = 1.0;
				PRODUCT_BUNDLE_IDENTIFIER = GameBacklog.GameBacklog;
				PRODUCT_NAME = "$(TARGET_NAME)";
				REGISTER_APP_GROUPS = YES;
				STRING_CATALOG_GENERATE_SYMBOLS = YES;
				SWIFT_APPROACHABLE_CONCURRENCY = YES;
				SWIFT_DEFAULT_ACTOR_ISOLATION = MainActor;
				SWIFT_EMIT_LOC_STRINGS = YES;
				SWIFT_UPCOMING_FEATURE_MEMBER_IMPORT_VISIBILITY = YES;
				SWIFT_VERSION = 5.0;
			};
			name = Release;
		};
		16AACECD2F82CA45004C3733 /* Debug */ = {
			isa = XCBuildConfiguration;
			buildSettings = {
				BUNDLE_LOADER = "$(TEST_HOST)";
				CODE_SIGN_STYLE = Automatic;
				CURRENT_PROJECT_VERSION = 1;
				DEVELOPMENT_TEAM = LHW99B6268;
				GENERATE_INFOPLIST_FILE = YES;
				MACOSX_DEPLOYMENT_TARGET = 26.3;
				MARKETING_VERSION = 1.0;
				PRODUCT_BUNDLE_IDENTIFIER = GameBacklog.GameBacklogTests;
				PRODUCT_NAME = "$(TARGET_NAME)";
				STRING_CATALOG_GENERATE_SYMBOLS = NO;
				SWIFT_APPROACHABLE_CONCURRENCY = YES;
				SWIFT_EMIT_LOC_STRINGS = NO;
				SWIFT_UPCOMING_FEATURE_MEMBER_IMPORT_VISIBILITY = YES;
				SWIFT_VERSION = 5.0;
				TEST_HOST = "$(BUILT_PRODUCTS_DIR)/GameBacklog.app/$(BUNDLE_EXECUTABLE_FOLDER_PATH)/GameBacklog";
			};
			name = Debug;
		};
		16AACECE2F82CA45004C3733 /* Release */ = {
			isa = XCBuildConfiguration;
			buildSettings = {
				BUNDLE_LOADER = "$(TEST_HOST)";
				CODE_SIGN_STYLE = Automatic;
				CURRENT_PROJECT_VERSION = 1;
				DEVELOPMENT_TEAM = LHW99B6268;
				GENERATE_INFOPLIST_FILE = YES;
				MACOSX_DEPLOYMENT_TARGET = 26.3;
				MARKETING_VERSION = 1.0;
				PRODUCT_BUNDLE_IDENTIFIER = GameBacklog.GameBacklogTests;
				PRODUCT_NAME = "$(TARGET_NAME)";
				STRING_CATALOG_GENERATE_SYMBOLS = NO;
				SWIFT_APPROACHABLE_CONCURRENCY = YES;
				SWIFT_EMIT_LOC_STRINGS = NO;
				SWIFT_UPCOMING_FEATURE_MEMBER_IMPORT_VISIBILITY = YES;
				SWIFT_VERSION = 5.0;
				TEST_HOST = "$(BUILT_PRODUCTS_DIR)/GameBacklog.app/$(BUNDLE_EXECUTABLE_FOLDER_PATH)/GameBacklog";
			};
			name = Release;
		};
		16AACED02F82CA45004C3733 /* Debug */ = {
			isa = XCBuildConfiguration;
			buildSettings = {
				CODE_SIGN_STYLE = Automatic;
				CURRENT_PROJECT_VERSION = 1;
				DEVELOPMENT_TEAM = LHW99B6268;
				GENERATE_INFOPLIST_FILE = YES;
				MARKETING_VERSION = 1.0;
				PRODUCT_BUNDLE_IDENTIFIER = GameBacklog.GameBacklogUITests;
				PRODUCT_NAME = "$(TARGET_NAME)";
				STRING_CATALOG_GENERATE_SYMBOLS = NO;
				SWIFT_APPROACHABLE_CONCURRENCY = YES;
				SWIFT_EMIT_LOC_STRINGS = NO;
				SWIFT_UPCOMING_FEATURE_MEMBER_IMPORT_VISIBILITY = YES;
				SWIFT_VERSION = 5.0;
				TEST_TARGET_NAME = GameBacklog;
			};
			name = Debug;
		};
		16AACED12F82CA45004C3733 /* Release */ = {
			isa = XCBuildConfiguration;
			buildSettings = {
				CODE_SIGN_STYLE = Automatic;
				CURRENT_PROJECT_VERSION = 1;
				DEVELOPMENT_TEAM = LHW99B6268;
				GENERATE_INFOPLIST_FILE = YES;
				MARKETING_VERSION = 1.0;
				PRODUCT_BUNDLE_IDENTIFIER = GameBacklog.GameBacklogUITests;
				PRODUCT_NAME = "$(TARGET_NAME)";
				STRING_CATALOG_GENERATE_SYMBOLS = NO;
				SWIFT_APPROACHABLE_CONCURRENCY = YES;
				SWIFT_EMIT_LOC_STRINGS = NO;
				SWIFT_UPCOMING_FEATURE_MEMBER_IMPORT_VISIBILITY = YES;
				SWIFT_VERSION = 5.0;
				TEST_TARGET_NAME = GameBacklog;
			};
			name = Release;
		};
/* End XCBuildConfiguration section */

/* Begin XCConfigurationList section */
		16AACEA12F82CA43004C3733 /* Build configuration list for PBXProject "GameBacklog" */ = {
			isa = XCConfigurationList;
			buildConfigurations = (
				16AACEC72F82CA45004C3733 /* Debug */,
				16AACEC82F82CA45004C3733 /* Release */,
			);
			defaultConfigurationIsVisible = 0;
			defaultConfigurationName = Release;
		};
		16AACEC92F82CA45004C3733 /* Build configuration list for PBXNativeTarget "GameBacklog" */ = {
			isa = XCConfigurationList;
			buildConfigurations = (
				16AACECA2F82CA45004C3733 /* Debug */,
				16AACECB2F82CA45004C3733 /* Release */,
			);
			defaultConfigurationIsVisible = 0;
			defaultConfigurationName = Release;
		};
		16AACECC2F82CA45004C3733 /* Build configuration list for PBXNativeTarget "GameBacklogTests" */ = {
			isa = XCConfigurationList;
			buildConfigurations = (
				16AACECD2F82CA45004C3733 /* Debug */,
				16AACECE2F82CA45004C3733 /* Release */,
			);
			defaultConfigurationIsVisible = 0;
			defaultConfigurationName = Release;
		};
		16AACECF2F82CA45004C3733 /* Build configuration list for PBXNativeTarget "GameBacklogUITests" */ = {
			isa = XCConfigurationList;
			buildConfigurations = (
				16AACED02F82CA45004C3733 /* Debug */,
				16AACED12F82CA45004C3733 /* Release */,
			);
			defaultConfigurationIsVisible = 0;
			defaultConfigurationName = Release;
		};
/* End XCConfigurationList section */

/* Begin XCRemoteSwiftPackageReference section */
		16AACED22F82CD39004C3733 /* XCRemoteSwiftPackageReference "GRDB" */ = {
			isa = XCRemoteSwiftPackageReference;
			repositoryURL = "https://github.com/groue/GRDB.swift";
			requirement = {
				branch = master;
				kind = branch;
			};
		};
/* End XCRemoteSwiftPackageReference section */

/* Begin XCSwiftPackageProductDependency section */
		16AACED32F82CD39004C3733 /* GRDB */ = {
			isa = XCSwiftPackageProductDependency;
			package = 16AACED22F82CD39004C3733 /* XCRemoteSwiftPackageReference "GRDB" */;
			productName = GRDB;
		};
/* End XCSwiftPackageProductDependency section */
	};
	rootObject = 16AACE9E2F82CA43004C3733 /* Project object */;
}
